
Microsoft Visual Studio Solution File, Format Version 12.00
# Visual Studio 15
VisualStudioVersion = 15.0.28307.106
MinimumVisualStudioVersion = 10.0.40219.1
Project("{FAE04EC0-301F-11D3-BF4B-00C04F79EFBC}") = "vgo.frontsite004", "vgo.frontsite004\vgo.frontsite004.csproj", "{09EA2850-2EBC-4760-88D6-8C60E6D740E2}"
EndProject
Project("{FAE04EC0-301F-11D3-BF4B-00C04F79EFBC}") = "paijia.frontsite004", "paijia.frontsite004\paijia.frontsite004.csproj", "{FFC2B5CF-838F-42B2-A2EE-C685630F5671}"
EndProject
Project("{FAE04EC0-301F-11D3-BF4B-00C04F79EFBC}") = "vgo.partner.frontsite", "vgo.partner.frontsite\vgo.partner.frontsite.csproj", "{FFD199B1-2AFB-4A42-8A86-AF177FD83986}"
EndProject
Project("{FAE04EC0-301F-11D3-BF4B-00C04F79EFBC}") = "frontsite004", "frontsite004\frontsite004.csproj", "{52740547-240B-45AD-89FB-12339B94DED2}"
EndProject
Project("{FAE04EC0-301F-11D3-BF4B-00C04F79EFBC}") = "zg.frontsite", "zg.frontsite\zg.frontsite.csproj", "{37CFAA6A-CA4F-44BB-AB36-CB8E14A1017A}"
EndProject
Global
	GlobalSection(SolutionConfigurationPlatforms) = preSolution
		Debug|Any CPU = Debug|Any CPU
		Release|Any CPU = Release|Any CPU
	EndGlobalSection
	GlobalSection(ProjectConfigurationPlatforms) = postSolution
		{09EA2850-2EBC-4760-88D6-8C60E6D740E2}.Debug|Any CPU.ActiveCfg = Debug|Any CPU
		{09EA2850-2EBC-4760-88D6-8C60E6D740E2}.Debug|Any CPU.Build.0 = Debug|Any CPU
		{09EA2850-2EBC-4760-88D6-8C60E6D740E2}.Release|Any CPU.ActiveCfg = Release|Any CPU
		{09EA2850-2EBC-4760-88D6-8C60E6D740E2}.Release|Any CPU.Build.0 = Release|Any CPU
		{FFC2B5CF-838F-42B2-A2EE-C685630F5671}.Debug|Any CPU.ActiveCfg = Debug|Any CPU
		{FFC2B5CF-838F-42B2-A2EE-C685630F5671}.Debug|Any CPU.Build.0 = Debug|Any CPU
		{FFC2B5CF-838F-42B2-A2EE-C685630F5671}.Release|Any CPU.ActiveCfg = Release|Any CPU
		{FFC2B5CF-838F-42B2-A2EE-C685630F5671}.Release|Any CPU.Build.0 = Release|Any CPU
		{FFD199B1-2AFB-4A42-8A86-AF177FD83986}.Debug|Any CPU.ActiveCfg = Debug|Any CPU
		{FFD199B1-2AFB-4A42-8A86-AF177FD83986}.Debug|Any CPU.Build.0 = Debug|Any CPU
		{FFD199B1-2AFB-4A42-8A86-AF177FD83986}.Release|Any CPU.ActiveCfg = Release|Any CPU
		{FFD199B1-2AFB-4A42-8A86-AF177FD83986}.Release|Any CPU.Build.0 = Release|Any CPU
		{52740547-240B-45AD-89FB-12339B94DED2}.Debug|Any CPU.ActiveCfg = Debug|Any CPU
		{52740547-240B-45AD-89FB-12339B94DED2}.Debug|Any CPU.Build.0 = Debug|Any CPU
		{52740547-240B-45AD-89FB-12339B94DED2}.Release|Any CPU.ActiveCfg = Release|Any CPU
		{52740547-240B-45AD-89FB-12339B94DED2}.Release|Any CPU.Build.0 = Release|Any CPU
		{37CFAA6A-CA4F-44BB-AB36-CB8E14A1017A}.Debug|Any CPU.ActiveCfg = Debug|Any CPU
		{37CFAA6A-CA4F-44BB-AB36-CB8E14A1017A}.Debug|Any CPU.Build.0 = Debug|Any CPU
		{37CFAA6A-CA4F-44BB-AB36-CB8E14A1017A}.Release|Any CPU.ActiveCfg = Release|Any CPU
		{37CFAA6A-CA4F-44BB-AB36-CB8E14A1017A}.Release|Any CPU.Build.0 = Release|Any CPU
	EndGlobalSection
	GlobalSection(SolutionProperties) = preSolution
		HideSolutionNode = FALSE
	EndGlobalSection
	GlobalSection(ExtensibilityGlobals) = postSolution
		SolutionGuid = {C3EF81E0-3538-4CCB-A144-D5293C72F4C0}
	EndGlobalSection
EndGlobal
